
Microsoft Visual Studio Solution File, Format Version 12.00
# Visual Studio Version 17
VisualStudioVersion = 17.7.34221.43
MinimumVisualStudioVersion = 10.0.40219.1
Project("{9A19103F-16F7-4668-BE54-9A1E7A4F7556}") = "BlogSystem.Api", "BlogSystem.Api.csproj", "{B6C2F9F2-EEFD-4277-84E3-271B788A7FD2}"
EndProject
Project("{9A19103F-16F7-4668-BE54-9A1E7A4F7556}") = "BlogSystem.Core", "..\BlogSystem.Core\BlogSystem.Core.csproj", "{EEFA40BE-97F8-4297-A1D9-586103765ACC}"
EndProject
Project("{9A19103F-16F7-4668-BE54-9A1E7A4F7556}") = "BlogSystem.Infrastructure", "..\BlogSystem.Infrastructure\BlogSystem.Infrastructure.csproj", "{AD465406-2096-477E-BCB3-31E9CA742F9B}"
EndProject
Project("{2150E333-8FDC-42A3-9474-1A3956D46DE8}") = "Elementos de la solución", "Elementos de la solución", "{E9761A88-5346-491F-B2CF-DF7E1157C780}"
	ProjectSection(SolutionItems) = preProject
		.gitignore = .gitignore
	EndProjectSection
EndProject
Global
	GlobalSection(SolutionConfigurationPlatforms) = preSolution
		Debug|Any CPU = Debug|Any CPU
		Release|Any CPU = Release|Any CPU
	EndGlobalSection
	GlobalSection(ProjectConfigurationPlatforms) = postSolution
		{B6C2F9F2-EEFD-4277-84E3-271B788A7FD2}.Debug|Any CPU.ActiveCfg = Debug|Any CPU
		{B6C2F9F2-EEFD-4277-84E3-271B788A7FD2}.Debug|Any CPU.Build.0 = Debug|Any CPU
		{B6C2F9F2-EEFD-4277-84E3-271B788A7FD2}.Release|Any CPU.ActiveCfg = Release|Any CPU
		{B6C2F9F2-EEFD-4277-84E3-271B788A7FD2}.Release|Any CPU.Build.0 = Release|Any CPU
		{EEFA40BE-97F8-4297-A1D9-586103765ACC}.Debug|Any CPU.ActiveCfg = Debug|Any CPU
		{EEFA40BE-97F8-4297-A1D9-586103765ACC}.Debug|Any CPU.Build.0 = Debug|Any CPU
		{EEFA40BE-97F8-4297-A1D9-586103765ACC}.Release|Any CPU.ActiveCfg = Release|Any CPU
		{EEFA40BE-97F8-4297-A1D9-586103765ACC}.Release|Any CPU.Build.0 = Release|Any CPU
		{AD465406-2096-477E-BCB3-31E9CA742F9B}.Debug|Any CPU.ActiveCfg = Debug|Any CPU
		{AD465406-2096-477E-BCB3-31E9CA742F9B}.Debug|Any CPU.Build.0 = Debug|Any CPU
		{AD465406-2096-477E-BCB3-31E9CA742F9B}.Release|Any CPU.ActiveCfg = Release|Any CPU
		{AD465406-2096-477E-BCB3-31E9CA742F9B}.Release|Any CPU.Build.0 = Release|Any CPU
	EndGlobalSection
	GlobalSection(SolutionProperties) = preSolution
		HideSolutionNode = FALSE
	EndGlobalSection
	GlobalSection(ExtensibilityGlobals) = postSolution
		SolutionGuid = {7CCA27A7-3C56-483C-81F4-F2C6A92A969D}
	EndGlobalSection
EndGlobal
